
Microsoft Visual Studio Solution File, Format Version 12.00
# Visual Studio 15
VisualStudioVersion = 15.0.28307.329
MinimumVisualStudioVersion = 10.0.40219.1
Project("{FAE04EC0-301F-11D3-BF4B-00C04F79EFBC}") = "TesteFibo1", "TesteFibo1\TesteFibo1.csproj", "{5473C289-2F90-4688-8442-76A1F9E2176A}"
EndProject
Global
	GlobalSection(SolutionConfigurationPlatforms) = preSolution
		Debug|Any CPU = Debug|Any CPU
		Release|Any CPU = Release|Any CPU
	EndGlobalSection
	GlobalSection(ProjectConfigurationPlatforms) = postSolution
		{5473C289-2F90-4688-8442-76A1F9E2176A}.Debug|Any CPU.ActiveCfg = Debug|Any CPU
		{5473C289-2F90-4688-8442-76A1F9E2176A}.Debug|Any CPU.Build.0 = Debug|Any CPU
		{5473C289-2F90-4688-8442-76A1F9E2176A}.Release|Any CPU.ActiveCfg = Release|Any CPU
		{5473C289-2F90-4688-8442-76A1F9E2176A}.Release|Any CPU.Build.0 = Release|Any CPU
	EndGlobalSection
	GlobalSection(SolutionProperties) = preSolution
		HideSolutionNode = FALSE
	EndGlobalSection
	GlobalSection(ExtensibilityGlobals) = postSolution
		SolutionGuid = {88AEDC7E-2FDF-4F7C-A1B2-FA9E6E0C2262}
	EndGlobalSection
EndGlobal
